
Microsoft Visual Studio Solution File, Format Version 12.00
# Visual Studio Version 16
VisualStudioVersion = 16.0.30907.101
MinimumVisualStudioVersion = 10.0.40219.1
Project("{FAE04EC0-301F-11D3-BF4B-00C04F79EFBC}") = "ClassApp", "ClassApp\ClassApp.csproj", "{4BD5C4E2-666E-4270-B1C9-4E863FDFF19A}"
EndProject
Global
	GlobalSection(SolutionConfigurationPlatforms) = preSolution
		Debug|Any CPU = Debug|Any CPU
		Release|Any CPU = Release|Any CPU
	EndGlobalSection
	GlobalSection(ProjectConfigurationPlatforms) = postSolution
		{4BD5C4E2-666E-4270-B1C9-4E863FDFF19A}.Debug|Any CPU.ActiveCfg = Debug|Any CPU
		{4BD5C4E2-666E-4270-B1C9-4E863FDFF19A}.Debug|Any CPU.Build.0 = Debug|Any CPU
		{4BD5C4E2-666E-4270-B1C9-4E863FDFF19A}.Release|Any CPU.ActiveCfg = Release|Any CPU
		{4BD5C4E2-666E-4270-B1C9-4E863FDFF19A}.Release|Any CPU.Build.0 = Release|Any CPU
	EndGlobalSection
	GlobalSection(SolutionProperties) = preSolution
		HideSolutionNode = FALSE
	EndGlobalSection
	GlobalSection(ExtensibilityGlobals) = postSolution
		SolutionGuid = {5EC042C3-F37D-4433-B37C-EE88029CAA52}
	EndGlobalSection
EndGlobal
