
Microsoft Visual Studio Solution File, Format Version 12.00
# Visual Studio Version 16
VisualStudioVersion = 16.0.30804.86
MinimumVisualStudioVersion = 10.0.40219.1
Project("{FAE04EC0-301F-11D3-BF4B-00C04F79EFBC}") = "Snake", "Snake\Snake.csproj", "{A428BEC0-04B2-44B1-A54E-3EF08BD84D72}"
EndProject
Global
	GlobalSection(SolutionConfigurationPlatforms) = preSolution
		Debug|Any CPU = Debug|Any CPU
		Release|Any CPU = Release|Any CPU
	EndGlobalSection
	GlobalSection(ProjectConfigurationPlatforms) = postSolution
		{A428BEC0-04B2-44B1-A54E-3EF08BD84D72}.Debug|Any CPU.ActiveCfg = Debug|Any CPU
		{A428BEC0-04B2-44B1-A54E-3EF08BD84D72}.Debug|Any CPU.Build.0 = Debug|Any CPU
		{A428BEC0-04B2-44B1-A54E-3EF08BD84D72}.Release|Any CPU.ActiveCfg = Release|Any CPU
		{A428BEC0-04B2-44B1-A54E-3EF08BD84D72}.Release|Any CPU.Build.0 = Release|Any CPU
	EndGlobalSection
	GlobalSection(SolutionProperties) = preSolution
		HideSolutionNode = FALSE
	EndGlobalSection
	GlobalSection(ExtensibilityGlobals) = postSolution
		SolutionGuid = {0CBAC3FF-343F-4C3F-9756-98971907DAF9}
	EndGlobalSection
EndGlobal
