
Microsoft Visual Studio Solution File, Format Version 12.00
# Visual Studio Version 16
VisualStudioVersion = 16.0.29326.143
MinimumVisualStudioVersion = 10.0.40219.1
Project("{9A19103F-16F7-4668-BE54-9A1E7A4F7556}") = "Assessment.Hotels.Test", "Tests\Assessment.Hotels.Test.csproj", "{FBCB9E0B-B77D-4279-BBCE-E51FCF8FFEC0}"
EndProject
Project("{9A19103F-16F7-4668-BE54-9A1E7A4F7556}") = "Assessment.Hotels.Core", "Core\Assessment.Hotels.Core.csproj", "{BF126969-3BCC-4499-9C91-E8CDB6A2F0BC}"
EndProject
Global
	GlobalSection(SolutionConfigurationPlatforms) = preSolution
		Debug|Any CPU = Debug|Any CPU
		Release|Any CPU = Release|Any CPU
	EndGlobalSection
	GlobalSection(ProjectConfigurationPlatforms) = postSolution
		{FBCB9E0B-B77D-4279-BBCE-E51FCF8FFEC0}.Debug|Any CPU.ActiveCfg = Debug|Any CPU
		{FBCB9E0B-B77D-4279-BBCE-E51FCF8FFEC0}.Debug|Any CPU.Build.0 = Debug|Any CPU
		{FBCB9E0B-B77D-4279-BBCE-E51FCF8FFEC0}.Release|Any CPU.ActiveCfg = Release|Any CPU
		{FBCB9E0B-B77D-4279-BBCE-E51FCF8FFEC0}.Release|Any CPU.Build.0 = Release|Any CPU
		{BF126969-3BCC-4499-9C91-E8CDB6A2F0BC}.Debug|Any CPU.ActiveCfg = Debug|Any CPU
		{BF126969-3BCC-4499-9C91-E8CDB6A2F0BC}.Debug|Any CPU.Build.0 = Debug|Any CPU
		{BF126969-3BCC-4499-9C91-E8CDB6A2F0BC}.Release|Any CPU.ActiveCfg = Release|Any CPU
		{BF126969-3BCC-4499-9C91-E8CDB6A2F0BC}.Release|Any CPU.Build.0 = Release|Any CPU
	EndGlobalSection
	GlobalSection(SolutionProperties) = preSolution
		HideSolutionNode = FALSE
	EndGlobalSection
	GlobalSection(ExtensibilityGlobals) = postSolution
		SolutionGuid = {EF240A01-15FB-4849-A331-18A4E82620EE}
	EndGlobalSection
EndGlobal
