
Microsoft Visual Studio Solution File, Format Version 12.00
# Visual Studio Version 16
VisualStudioVersion = 16.0.30907.101
MinimumVisualStudioVersion = 10.0.40219.1
Project("{FAE04EC0-301F-11D3-BF4B-00C04F79EFBC}") = "1_TryCatch", "1_TryCatch\1_TryCatch.csproj", "{9745C6DA-4E29-4D49-9917-C02E30EAFC13}"
EndProject
Global
	GlobalSection(SolutionConfigurationPlatforms) = preSolution
		Debug|Any CPU = Debug|Any CPU
		Release|Any CPU = Release|Any CPU
	EndGlobalSection
	GlobalSection(ProjectConfigurationPlatforms) = postSolution
		{9745C6DA-4E29-4D49-9917-C02E30EAFC13}.Debug|Any CPU.ActiveCfg = Debug|Any CPU
		{9745C6DA-4E29-4D49-9917-C02E30EAFC13}.Debug|Any CPU.Build.0 = Debug|Any CPU
		{9745C6DA-4E29-4D49-9917-C02E30EAFC13}.Release|Any CPU.ActiveCfg = Release|Any CPU
		{9745C6DA-4E29-4D49-9917-C02E30EAFC13}.Release|Any CPU.Build.0 = Release|Any CPU
	EndGlobalSection
	GlobalSection(SolutionProperties) = preSolution
		HideSolutionNode = FALSE
	EndGlobalSection
	GlobalSection(ExtensibilityGlobals) = postSolution
		SolutionGuid = {E533E432-1297-4F92-90D6-84C193450B41}
	EndGlobalSection
EndGlobal
