
Microsoft Visual Studio Solution File, Format Version 12.00
# Visual Studio Version 16
VisualStudioVersion = 16.0.30804.86
MinimumVisualStudioVersion = 10.0.40219.1
Project("{FAE04EC0-301F-11D3-BF4B-00C04F79EFBC}") = "LibCargoShip", "LibCargoShip\LibCargoShip.csproj", "{DD2C2091-137B-4482-8F95-88B3E5899EB6}"
EndProject
Project("{FAE04EC0-301F-11D3-BF4B-00C04F79EFBC}") = "ConsoleCargoShipGame", "ConsoleCargoShipGame\ConsoleCargoShipGame.csproj", "{7D9083DD-95C7-420E-AA75-961BE1ABE0F3}"
EndProject
Project("{FAE04EC0-301F-11D3-BF4B-00C04F79EFBC}") = "WinFormsCargoShipGame", "WinFormsCargoShipGame\WinFormsCargoShipGame.csproj", "{FBA18563-6C4C-4B45-8AB0-439C9FAB1A64}"
EndProject
Global
	GlobalSection(SolutionConfigurationPlatforms) = preSolution
		Debug|Any CPU = Debug|Any CPU
		Release|Any CPU = Release|Any CPU
	EndGlobalSection
	GlobalSection(ProjectConfigurationPlatforms) = postSolution
		{DD2C2091-137B-4482-8F95-88B3E5899EB6}.Debug|Any CPU.ActiveCfg = Debug|Any CPU
		{DD2C2091-137B-4482-8F95-88B3E5899EB6}.Debug|Any CPU.Build.0 = Debug|Any CPU
		{DD2C2091-137B-4482-8F95-88B3E5899EB6}.Release|Any CPU.ActiveCfg = Release|Any CPU
		{DD2C2091-137B-4482-8F95-88B3E5899EB6}.Release|Any CPU.Build.0 = Release|Any CPU
		{7D9083DD-95C7-420E-AA75-961BE1ABE0F3}.Debug|Any CPU.ActiveCfg = Debug|Any CPU
		{7D9083DD-95C7-420E-AA75-961BE1ABE0F3}.Debug|Any CPU.Build.0 = Debug|Any CPU
		{7D9083DD-95C7-420E-AA75-961BE1ABE0F3}.Release|Any CPU.ActiveCfg = Release|Any CPU
		{7D9083DD-95C7-420E-AA75-961BE1ABE0F3}.Release|Any CPU.Build.0 = Release|Any CPU
		{FBA18563-6C4C-4B45-8AB0-439C9FAB1A64}.Debug|Any CPU.ActiveCfg = Debug|Any CPU
		{FBA18563-6C4C-4B45-8AB0-439C9FAB1A64}.Debug|Any CPU.Build.0 = Debug|Any CPU
		{FBA18563-6C4C-4B45-8AB0-439C9FAB1A64}.Release|Any CPU.ActiveCfg = Release|Any CPU
		{FBA18563-6C4C-4B45-8AB0-439C9FAB1A64}.Release|Any CPU.Build.0 = Release|Any CPU
	EndGlobalSection
	GlobalSection(SolutionProperties) = preSolution
		HideSolutionNode = FALSE
	EndGlobalSection
	GlobalSection(ExtensibilityGlobals) = postSolution
		SolutionGuid = {C0BDB8E0-1F48-40C3-B74D-D9281AAF5ECE}
	EndGlobalSection
EndGlobal
