
Microsoft Visual Studio Solution File, Format Version 12.00
# Visual Studio Version 16
VisualStudioVersion = 16.0.30804.86
MinimumVisualStudioVersion = 10.0.40219.1
Project("{FAE04EC0-301F-11D3-BF4B-00C04F79EFBC}") = "Algoritmer", "Algoritmer\Algoritmer.csproj", "{2E2E7C6D-2F2A-4F19-B6EB-39B55B541761}"
EndProject
Global
	GlobalSection(SolutionConfigurationPlatforms) = preSolution
		Debug|Any CPU = Debug|Any CPU
		Release|Any CPU = Release|Any CPU
	EndGlobalSection
	GlobalSection(ProjectConfigurationPlatforms) = postSolution
		{2E2E7C6D-2F2A-4F19-B6EB-39B55B541761}.Debug|Any CPU.ActiveCfg = Debug|Any CPU
		{2E2E7C6D-2F2A-4F19-B6EB-39B55B541761}.Debug|Any CPU.Build.0 = Debug|Any CPU
		{2E2E7C6D-2F2A-4F19-B6EB-39B55B541761}.Release|Any CPU.ActiveCfg = Release|Any CPU
		{2E2E7C6D-2F2A-4F19-B6EB-39B55B541761}.Release|Any CPU.Build.0 = Release|Any CPU
	EndGlobalSection
	GlobalSection(SolutionProperties) = preSolution
		HideSolutionNode = FALSE
	EndGlobalSection
	GlobalSection(ExtensibilityGlobals) = postSolution
		SolutionGuid = {E79A4B19-889D-4075-BDB6-78924E678EB2}
	EndGlobalSection
EndGlobal
