
Microsoft Visual Studio Solution File, Format Version 12.00
# Visual Studio Version 16
VisualStudioVersion = 16.0.31025.194
MinimumVisualStudioVersion = 10.0.40219.1
Project("{9A19103F-16F7-4668-BE54-9A1E7A4F7556}") = "FavoriteBandsApp.Web", "FavoriteBandsApp.Web\FavoriteBandsApp.Web.csproj", "{AEAEBB76-B067-45D1-A96F-527309666FEA}"
EndProject
Global
	GlobalSection(SolutionConfigurationPlatforms) = preSolution
		Debug|Any CPU = Debug|Any CPU
		Release|Any CPU = Release|Any CPU
	EndGlobalSection
	GlobalSection(ProjectConfigurationPlatforms) = postSolution
		{AEAEBB76-B067-45D1-A96F-527309666FEA}.Debug|Any CPU.ActiveCfg = Debug|Any CPU
		{AEAEBB76-B067-45D1-A96F-527309666FEA}.Debug|Any CPU.Build.0 = Debug|Any CPU
		{AEAEBB76-B067-45D1-A96F-527309666FEA}.Release|Any CPU.ActiveCfg = Release|Any CPU
		{AEAEBB76-B067-45D1-A96F-527309666FEA}.Release|Any CPU.Build.0 = Release|Any CPU
	EndGlobalSection
	GlobalSection(SolutionProperties) = preSolution
		HideSolutionNode = FALSE
	EndGlobalSection
	GlobalSection(ExtensibilityGlobals) = postSolution
		SolutionGuid = {0C419D98-C2BD-4A81-82D8-7187BF4BC22B}
	EndGlobalSection
EndGlobal
