
Microsoft Visual Studio Solution File, Format Version 12.00
# Visual Studio Version 16
VisualStudioVersion = 16.0.30907.101
MinimumVisualStudioVersion = 10.0.40219.1
Project("{FAE04EC0-301F-11D3-BF4B-00C04F79EFBC}") = "ClassInstancesAndConstructors", "ClassInstancesAndConstructors\ClassInstancesAndConstructors.csproj", "{30D13D13-1F65-4974-828D-2CA23C239335}"
EndProject
Global
	GlobalSection(SolutionConfigurationPlatforms) = preSolution
		Debug|Any CPU = Debug|Any CPU
		Release|Any CPU = Release|Any CPU
	EndGlobalSection
	GlobalSection(ProjectConfigurationPlatforms) = postSolution
		{30D13D13-1F65-4974-828D-2CA23C239335}.Debug|Any CPU.ActiveCfg = Debug|Any CPU
		{30D13D13-1F65-4974-828D-2CA23C239335}.Debug|Any CPU.Build.0 = Debug|Any CPU
		{30D13D13-1F65-4974-828D-2CA23C239335}.Release|Any CPU.ActiveCfg = Release|Any CPU
		{30D13D13-1F65-4974-828D-2CA23C239335}.Release|Any CPU.Build.0 = Release|Any CPU
	EndGlobalSection
	GlobalSection(SolutionProperties) = preSolution
		HideSolutionNode = FALSE
	EndGlobalSection
	GlobalSection(ExtensibilityGlobals) = postSolution
		SolutionGuid = {7D7D9E15-2FCC-4691-B5C9-C16F78D96E8D}
	EndGlobalSection
EndGlobal
