
Microsoft Visual Studio Solution File, Format Version 12.00
# Visual Studio Version 16
VisualStudioVersion = 16.0.30907.101
MinimumVisualStudioVersion = 10.0.40219.1
Project("{FAE04EC0-301F-11D3-BF4B-00C04F79EFBC}") = "AddAndMoms", "AddAndMoms\AddAndMoms.csproj", "{0BA5360B-7AA9-4BCE-831D-EFA54628E108}"
EndProject
Global
	GlobalSection(SolutionConfigurationPlatforms) = preSolution
		Debug|Any CPU = Debug|Any CPU
		Release|Any CPU = Release|Any CPU
	EndGlobalSection
	GlobalSection(ProjectConfigurationPlatforms) = postSolution
		{0BA5360B-7AA9-4BCE-831D-EFA54628E108}.Debug|Any CPU.ActiveCfg = Debug|Any CPU
		{0BA5360B-7AA9-4BCE-831D-EFA54628E108}.Debug|Any CPU.Build.0 = Debug|Any CPU
		{0BA5360B-7AA9-4BCE-831D-EFA54628E108}.Release|Any CPU.ActiveCfg = Release|Any CPU
		{0BA5360B-7AA9-4BCE-831D-EFA54628E108}.Release|Any CPU.Build.0 = Release|Any CPU
	EndGlobalSection
	GlobalSection(SolutionProperties) = preSolution
		HideSolutionNode = FALSE
	EndGlobalSection
	GlobalSection(ExtensibilityGlobals) = postSolution
		SolutionGuid = {73BEBA87-5142-4AF6-836E-E23461AF5FF3}
	EndGlobalSection
EndGlobal
