
Microsoft Visual Studio Solution File, Format Version 12.00
# Visual Studio Version 16
VisualStudioVersion = 16.0.30907.101
MinimumVisualStudioVersion = 10.0.40219.1
Project("{FAE04EC0-301F-11D3-BF4B-00C04F79EFBC}") = "Assessment.Divers", "Assessment.Divers\Assessment.Divers.csproj", "{D1959ED5-4549-4978-9C1F-37A856317D38}"
EndProject
Project("{FAE04EC0-301F-11D3-BF4B-00C04F79EFBC}") = "Assessment.Divers.Test", "Assessment.Divers.Test\Assessment.Divers.Test.csproj", "{390BFC2F-CB61-486C-840A-16A71E82D6B9}"
EndProject
Global
	GlobalSection(SolutionConfigurationPlatforms) = preSolution
		Debug|Any CPU = Debug|Any CPU
		Release|Any CPU = Release|Any CPU
	EndGlobalSection
	GlobalSection(ProjectConfigurationPlatforms) = postSolution
		{D1959ED5-4549-4978-9C1F-37A856317D38}.Debug|Any CPU.ActiveCfg = Debug|Any CPU
		{D1959ED5-4549-4978-9C1F-37A856317D38}.Debug|Any CPU.Build.0 = Debug|Any CPU
		{D1959ED5-4549-4978-9C1F-37A856317D38}.Release|Any CPU.ActiveCfg = Release|Any CPU
		{D1959ED5-4549-4978-9C1F-37A856317D38}.Release|Any CPU.Build.0 = Release|Any CPU
		{390BFC2F-CB61-486C-840A-16A71E82D6B9}.Debug|Any CPU.ActiveCfg = Debug|Any CPU
		{390BFC2F-CB61-486C-840A-16A71E82D6B9}.Debug|Any CPU.Build.0 = Debug|Any CPU
		{390BFC2F-CB61-486C-840A-16A71E82D6B9}.Release|Any CPU.ActiveCfg = Release|Any CPU
		{390BFC2F-CB61-486C-840A-16A71E82D6B9}.Release|Any CPU.Build.0 = Release|Any CPU
	EndGlobalSection
	GlobalSection(SolutionProperties) = preSolution
		HideSolutionNode = FALSE
	EndGlobalSection
	GlobalSection(ExtensibilityGlobals) = postSolution
		SolutionGuid = {B2C25D92-CB36-448D-AAEC-F1B86758C17B}
	EndGlobalSection
EndGlobal
