
Microsoft Visual Studio Solution File, Format Version 12.00
# Visual Studio 15
VisualStudioVersion = 15.0.27130.2010
MinimumVisualStudioVersion = 10.0.40219.1
Project("{FAE04EC0-301F-11D3-BF4B-00C04F79EFBC}") = "ArrayExercise01", "ArrayExercise01\ArrayExercise01.csproj", "{806E7C36-B03D-4AD9-86CF-EBE37367EFE9}"
EndProject
Global
	GlobalSection(SolutionConfigurationPlatforms) = preSolution
		Debug|Any CPU = Debug|Any CPU
		Release|Any CPU = Release|Any CPU
	EndGlobalSection
	GlobalSection(ProjectConfigurationPlatforms) = postSolution
		{806E7C36-B03D-4AD9-86CF-EBE37367EFE9}.Debug|Any CPU.ActiveCfg = Debug|Any CPU
		{806E7C36-B03D-4AD9-86CF-EBE37367EFE9}.Debug|Any CPU.Build.0 = Debug|Any CPU
		{806E7C36-B03D-4AD9-86CF-EBE37367EFE9}.Release|Any CPU.ActiveCfg = Release|Any CPU
		{806E7C36-B03D-4AD9-86CF-EBE37367EFE9}.Release|Any CPU.Build.0 = Release|Any CPU
	EndGlobalSection
	GlobalSection(SolutionProperties) = preSolution
		HideSolutionNode = FALSE
	EndGlobalSection
	GlobalSection(ExtensibilityGlobals) = postSolution
		SolutionGuid = {D1FF4EBC-6FCD-48FE-A479-2BB7E0F85FF0}
	EndGlobalSection
EndGlobal
