
Microsoft Visual Studio Solution File, Format Version 12.00
# Visual Studio Version 16
VisualStudioVersion = 16.0.30907.101
MinimumVisualStudioVersion = 10.0.40219.1
Project("{FAE04EC0-301F-11D3-BF4B-00C04F79EFBC}") = "Zoo", "Zoo\Zoo.csproj", "{18A9878D-DC3D-44AD-A43B-AEE5C8E75548}"
EndProject
Global
	GlobalSection(SolutionConfigurationPlatforms) = preSolution
		Debug|Any CPU = Debug|Any CPU
		Release|Any CPU = Release|Any CPU
	EndGlobalSection
	GlobalSection(ProjectConfigurationPlatforms) = postSolution
		{18A9878D-DC3D-44AD-A43B-AEE5C8E75548}.Debug|Any CPU.ActiveCfg = Debug|Any CPU
		{18A9878D-DC3D-44AD-A43B-AEE5C8E75548}.Debug|Any CPU.Build.0 = Debug|Any CPU
		{18A9878D-DC3D-44AD-A43B-AEE5C8E75548}.Release|Any CPU.ActiveCfg = Release|Any CPU
		{18A9878D-DC3D-44AD-A43B-AEE5C8E75548}.Release|Any CPU.Build.0 = Release|Any CPU
	EndGlobalSection
	GlobalSection(SolutionProperties) = preSolution
		HideSolutionNode = FALSE
	EndGlobalSection
	GlobalSection(ExtensibilityGlobals) = postSolution
		SolutionGuid = {92FDE30E-6177-4DF7-A028-9CCDC773F6C5}
	EndGlobalSection
EndGlobal
