
Microsoft Visual Studio Solution File, Format Version 12.00
# Visual Studio Version 16
VisualStudioVersion = 16.0.30907.101
MinimumVisualStudioVersion = 10.0.40219.1
Project("{FAE04EC0-301F-11D3-BF4B-00C04F79EFBC}") = "StringArrManipulation", "StringArrManipulation\StringArrManipulation.csproj", "{C8BB2264-F2FC-4B94-A8F3-FE80F57093C2}"
EndProject
Global
	GlobalSection(SolutionConfigurationPlatforms) = preSolution
		Debug|Any CPU = Debug|Any CPU
		Release|Any CPU = Release|Any CPU
	EndGlobalSection
	GlobalSection(ProjectConfigurationPlatforms) = postSolution
		{C8BB2264-F2FC-4B94-A8F3-FE80F57093C2}.Debug|Any CPU.ActiveCfg = Debug|Any CPU
		{C8BB2264-F2FC-4B94-A8F3-FE80F57093C2}.Debug|Any CPU.Build.0 = Debug|Any CPU
		{C8BB2264-F2FC-4B94-A8F3-FE80F57093C2}.Release|Any CPU.ActiveCfg = Release|Any CPU
		{C8BB2264-F2FC-4B94-A8F3-FE80F57093C2}.Release|Any CPU.Build.0 = Release|Any CPU
	EndGlobalSection
	GlobalSection(SolutionProperties) = preSolution
		HideSolutionNode = FALSE
	EndGlobalSection
	GlobalSection(ExtensibilityGlobals) = postSolution
		SolutionGuid = {4402C943-549B-482D-9866-745F391A0D2F}
	EndGlobalSection
EndGlobal
