
Microsoft Visual Studio Solution File, Format Version 12.00
# Visual Studio Version 16
VisualStudioVersion = 16.0.30907.101
MinimumVisualStudioVersion = 10.0.40219.1
Project("{FAE04EC0-301F-11D3-BF4B-00C04F79EFBC}") = "CSharpLibrary.Tests", "CSharpLibrary.Tests\CSharpLibrary.Tests.csproj", "{676EC58A-1778-403A-9EC4-69CE8D365A39}"
EndProject
Project("{FAE04EC0-301F-11D3-BF4B-00C04F79EFBC}") = "CSharpLibrary", "CSharpLibrary\CSharpLibrary.csproj", "{EF200E31-2B6C-4C6B-AEC4-82F640F1B16D}"
EndProject
Global
	GlobalSection(SolutionConfigurationPlatforms) = preSolution
		Debug|Any CPU = Debug|Any CPU
		Release|Any CPU = Release|Any CPU
	EndGlobalSection
	GlobalSection(ProjectConfigurationPlatforms) = postSolution
		{676EC58A-1778-403A-9EC4-69CE8D365A39}.Debug|Any CPU.ActiveCfg = Debug|Any CPU
		{676EC58A-1778-403A-9EC4-69CE8D365A39}.Debug|Any CPU.Build.0 = Debug|Any CPU
		{676EC58A-1778-403A-9EC4-69CE8D365A39}.Release|Any CPU.ActiveCfg = Release|Any CPU
		{676EC58A-1778-403A-9EC4-69CE8D365A39}.Release|Any CPU.Build.0 = Release|Any CPU
		{EF200E31-2B6C-4C6B-AEC4-82F640F1B16D}.Debug|Any CPU.ActiveCfg = Debug|Any CPU
		{EF200E31-2B6C-4C6B-AEC4-82F640F1B16D}.Debug|Any CPU.Build.0 = Debug|Any CPU
		{EF200E31-2B6C-4C6B-AEC4-82F640F1B16D}.Release|Any CPU.ActiveCfg = Release|Any CPU
		{EF200E31-2B6C-4C6B-AEC4-82F640F1B16D}.Release|Any CPU.Build.0 = Release|Any CPU
	EndGlobalSection
	GlobalSection(SolutionProperties) = preSolution
		HideSolutionNode = FALSE
	EndGlobalSection
	GlobalSection(ExtensibilityGlobals) = postSolution
		SolutionGuid = {5004F65A-8B54-4E9E-9C26-F749A4777170}
	EndGlobalSection
EndGlobal
