
Microsoft Visual Studio Solution File, Format Version 12.00
# Visual Studio Version 16
VisualStudioVersion = 16.0.30907.101
MinimumVisualStudioVersion = 10.0.40219.1
Project("{FAE04EC0-301F-11D3-BF4B-00C04F79EFBC}") = "libCInvoices", "libCInvoices\libCInvoices.csproj", "{C17C31B5-F4DB-4CD8-B3D8-9E174D0BA030}"
EndProject
Project("{FAE04EC0-301F-11D3-BF4B-00C04F79EFBC}") = "CInvoicesConsole", "CInvoicesConsole\CInvoicesConsole.csproj", "{ED3F8DCB-D9E0-4079-9220-D91BD8F9DBCA}"
EndProject
Global
	GlobalSection(SolutionConfigurationPlatforms) = preSolution
		Debug|Any CPU = Debug|Any CPU
		Release|Any CPU = Release|Any CPU
	EndGlobalSection
	GlobalSection(ProjectConfigurationPlatforms) = postSolution
		{C17C31B5-F4DB-4CD8-B3D8-9E174D0BA030}.Debug|Any CPU.ActiveCfg = Debug|Any CPU
		{C17C31B5-F4DB-4CD8-B3D8-9E174D0BA030}.Debug|Any CPU.Build.0 = Debug|Any CPU
		{C17C31B5-F4DB-4CD8-B3D8-9E174D0BA030}.Release|Any CPU.ActiveCfg = Release|Any CPU
		{C17C31B5-F4DB-4CD8-B3D8-9E174D0BA030}.Release|Any CPU.Build.0 = Release|Any CPU
		{ED3F8DCB-D9E0-4079-9220-D91BD8F9DBCA}.Debug|Any CPU.ActiveCfg = Debug|Any CPU
		{ED3F8DCB-D9E0-4079-9220-D91BD8F9DBCA}.Debug|Any CPU.Build.0 = Debug|Any CPU
		{ED3F8DCB-D9E0-4079-9220-D91BD8F9DBCA}.Release|Any CPU.ActiveCfg = Release|Any CPU
		{ED3F8DCB-D9E0-4079-9220-D91BD8F9DBCA}.Release|Any CPU.Build.0 = Release|Any CPU
	EndGlobalSection
	GlobalSection(SolutionProperties) = preSolution
		HideSolutionNode = FALSE
	EndGlobalSection
	GlobalSection(ExtensibilityGlobals) = postSolution
		SolutionGuid = {D40B6062-29B4-4384-9E4D-10036C857402}
	EndGlobalSection
EndGlobal
