
Microsoft Visual Studio Solution File, Format Version 12.00
# Visual Studio Version 16
VisualStudioVersion = 16.0.30804.86
MinimumVisualStudioVersion = 10.0.40219.1
Project("{FAE04EC0-301F-11D3-BF4B-00C04F79EFBC}") = "Skola", "Skola\Skola.csproj", "{C32EE5A3-EB35-4A84-A0EE-575F633A8EC3}"
EndProject
Project("{FAE04EC0-301F-11D3-BF4B-00C04F79EFBC}") = "Dice", "Dice\Dice.csproj", "{970AECC5-62FB-4273-8BE4-AF05CD09E6C0}"
EndProject
Project("{FAE04EC0-301F-11D3-BF4B-00C04F79EFBC}") = "Creatures", "Creatures\Creatures.csproj", "{B897DC89-E071-4E17-9580-C35086028972}"
EndProject
Global
	GlobalSection(SolutionConfigurationPlatforms) = preSolution
		Debug|Any CPU = Debug|Any CPU
		Release|Any CPU = Release|Any CPU
	EndGlobalSection
	GlobalSection(ProjectConfigurationPlatforms) = postSolution
		{C32EE5A3-EB35-4A84-A0EE-575F633A8EC3}.Debug|Any CPU.ActiveCfg = Debug|Any CPU
		{C32EE5A3-EB35-4A84-A0EE-575F633A8EC3}.Debug|Any CPU.Build.0 = Debug|Any CPU
		{C32EE5A3-EB35-4A84-A0EE-575F633A8EC3}.Release|Any CPU.ActiveCfg = Release|Any CPU
		{C32EE5A3-EB35-4A84-A0EE-575F633A8EC3}.Release|Any CPU.Build.0 = Release|Any CPU
		{970AECC5-62FB-4273-8BE4-AF05CD09E6C0}.Debug|Any CPU.ActiveCfg = Debug|Any CPU
		{970AECC5-62FB-4273-8BE4-AF05CD09E6C0}.Debug|Any CPU.Build.0 = Debug|Any CPU
		{970AECC5-62FB-4273-8BE4-AF05CD09E6C0}.Release|Any CPU.ActiveCfg = Release|Any CPU
		{970AECC5-62FB-4273-8BE4-AF05CD09E6C0}.Release|Any CPU.Build.0 = Release|Any CPU
		{B897DC89-E071-4E17-9580-C35086028972}.Debug|Any CPU.ActiveCfg = Debug|Any CPU
		{B897DC89-E071-4E17-9580-C35086028972}.Debug|Any CPU.Build.0 = Debug|Any CPU
		{B897DC89-E071-4E17-9580-C35086028972}.Release|Any CPU.ActiveCfg = Release|Any CPU
		{B897DC89-E071-4E17-9580-C35086028972}.Release|Any CPU.Build.0 = Release|Any CPU
	EndGlobalSection
	GlobalSection(SolutionProperties) = preSolution
		HideSolutionNode = FALSE
	EndGlobalSection
	GlobalSection(ExtensibilityGlobals) = postSolution
		SolutionGuid = {08229D70-46E8-455F-9F83-F1AB52A0D473}
	EndGlobalSection
EndGlobal
